
Microsoft Visual Studio Solution File, Format Version 12.00
# Visual Studio Version 17
VisualStudioVersion = 17.0.31903.59
MinimumVisualStudioVersion = 10.0.40219.1
Project("{2150E333-8FDC-42A3-9474-1A3956D46DE8}") = "src", "src", "{DC856711-B8D1-4C15-9D67-B47422A4FB60}"
EndProject
Project("{FAE04EC0-301F-11D3-BF4B-00C04F79EFBC}") = "AiChatAssistant.Api", "src\AiChatAssistant.Api\AiChatAssistant.Api.csproj", "{7F831713-17E7-45D1-B8A8-3F0D981B66D4}"
EndProject
Global
	GlobalSection(SolutionConfigurationPlatforms) = preSolution
		Debug|Any CPU = Debug|Any CPU
		Release|Any CPU = Release|Any CPU
	EndGlobalSection
	GlobalSection(SolutionProperties) = preSolution
		HideSolutionNode = FALSE
	EndGlobalSection
	GlobalSection(ProjectConfigurationPlatforms) = postSolution
		{7F831713-17E7-45D1-B8A8-3F0D981B66D4}.Debug|Any CPU.ActiveCfg = Debug|Any CPU
		{7F831713-17E7-45D1-B8A8-3F0D981B66D4}.Debug|Any CPU.Build.0 = Debug|Any CPU
		{7F831713-17E7-45D1-B8A8-3F0D981B66D4}.Release|Any CPU.ActiveCfg = Release|Any CPU
		{7F831713-17E7-45D1-B8A8-3F0D981B66D4}.Release|Any CPU.Build.0 = Release|Any CPU
	EndGlobalSection
	GlobalSection(NestedProjects) = preSolution
		{7F831713-17E7-45D1-B8A8-3F0D981B66D4} = {DC856711-B8D1-4C15-9D67-B47422A4FB60}
	EndGlobalSection
EndGlobal
